// !$*UTF8*$!
{
	archiveVersion = 1;
	classes = {
	};
	objectVersion = 56;
	objects = {

/* Begin PBXBuildFile section */
		4333BA976FE5BE398757604B /* Pods_LoginTest.framework in Frameworks */ = {isa = PBXBuildFile; fileRef = 914AC965BE48C18ACEE46102 /* Pods_LoginTest.framework */; };
		4555B3472A5115F500FCA67F /* LoginViewControllerDelegate.swift in Sources */ = {isa = PBXBuildFile; fileRef = 4555B3462A5115F500FCA67F /* LoginViewControllerDelegate.swift */; };
		4590F9792A4E19EC009A7CA0 /* AppDelegate.swift in Sources */ = {isa = PBXBuildFile; fileRef = 4590F9782A4E19EC009A7CA0 /* AppDelegate.swift */; };
		4590F97B2A4E19EC009A7CA0 /* SceneDelegate.swift in Sources */ = {isa = PBXBuildFile; fileRef = 4590F97A2A4E19EC009A7CA0 /* SceneDelegate.swift */; };
		4590F97D2A4E19EC009A7CA0 /* ViewController.swift in Sources */ = {isa = PBXBuildFile; fileRef = 4590F97C2A4E19EC009A7CA0 /* ViewController.swift */; };
		4590F9802A4E19EC009A7CA0 /* Main.storyboard in Resources */ = {isa = PBXBuildFile; fileRef = 4590F97E2A4E19EC009A7CA0 /* Main.storyboard */; };
		4590F9822A4E19ED009A7CA0 /* Assets.xcassets in Resources */ = {isa = PBXBuildFile; fileRef = 4590F9812A4E19ED009A7CA0 /* Assets.xcassets */; };
		4590F9852A4E19ED009A7CA0 /* LaunchScreen.storyboard in Resources */ = {isa = PBXBuildFile; fileRef = 4590F9832A4E19ED009A7CA0 /* LaunchScreen.storyboard */; };
		4590F98F2A4E1A9C009A7CA0 /* LoginView.storyboard in Resources */ = {isa = PBXBuildFile; fileRef = 4590F98E2A4E1A9C009A7CA0 /* LoginView.storyboard */; };
		459F9DDF2A4F63DD00615766 /* UsuarioModel.swift in Sources */ = {isa = PBXBuildFile; fileRef = 459F9DDE2A4F63DD00615766 /* UsuarioModel.swift */; };
		EF2F5ADF2A50AC8000FC6288 /* UserCardTableViewCell.swift in Sources */ = {isa = PBXBuildFile; fileRef = EF2F5ADD2A50AC8000FC6288 /* UserCardTableViewCell.swift */; };
		EF2F5AE02A50AC8000FC6288 /* UserCardTableViewCell.xib in Resources */ = {isa = PBXBuildFile; fileRef = EF2F5ADE2A50AC8000FC6288 /* UserCardTableViewCell.xib */; };
		EF2F5AE22A50AE9A00FC6288 /* UsersTableView.storyboard in Resources */ = {isa = PBXBuildFile; fileRef = EF2F5AE12A50AE9A00FC6288 /* UsersTableView.storyboard */; };
		EF2F5AE42A50AEB700FC6288 /* UsersTableViewController.swift in Sources */ = {isa = PBXBuildFile; fileRef = EF2F5AE32A50AEB700FC6288 /* UsersTableViewController.swift */; };
		EF4BC34E2A50A12D00057218 /* LoginViewController.swift in Sources */ = {isa = PBXBuildFile; fileRef = EF4BC34D2A50A12D00057218 /* LoginViewController.swift */; };
		EF62D8152A50960200109F40 /* LoginRouter.swift in Sources */ = {isa = PBXBuildFile; fileRef = EF62D8142A50960200109F40 /* LoginRouter.swift */; };
		EF6BEABF2A50B006008DCFC9 /* UsersTableViewControllerDelegate.swift in Sources */ = {isa = PBXBuildFile; fileRef = EF6BEABE2A50B006008DCFC9 /* UsersTableViewControllerDelegate.swift */; };
/* End PBXBuildFile section */

/* Begin PBXFileReference section */
		4555B3462A5115F500FCA67F /* LoginViewControllerDelegate.swift */ = {isa = PBXFileReference; lastKnownFileType = sourcecode.swift; path = LoginViewControllerDelegate.swift; sourceTree = "<group>"; };
		4590F9752A4E19EC009A7CA0 /* LoginTest.app */ = {isa = PBXFileReference; explicitFileType = wrapper.application; includeInIndex = 0; path = LoginTest.app; sourceTree = BUILT_PRODUCTS_DIR; };
		4590F9782A4E19EC009A7CA0 /* AppDelegate.swift */ = {isa = PBXFileReference; lastKnownFileType = sourcecode.swift; path = AppDelegate.swift; sourceTree = "<group>"; };
		4590F97A2A4E19EC009A7CA0 /* SceneDelegate.swift */ = {isa = PBXFileReference; lastKnownFileType = sourcecode.swift; path = SceneDelegate.swift; sourceTree = "<group>"; };
		4590F97C2A4E19EC009A7CA0 /* ViewController.swift */ = {isa = PBXFileReference; lastKnownFileType = sourcecode.swift; path = ViewController.swift; sourceTree = "<group>"; };
		4590F97F2A4E19EC009A7CA0 /* Base */ = {isa = PBXFileReference; lastKnownFileType = file.storyboard; name = Base; path = Base.lproj/Main.storyboard; sourceTree = "<group>"; };
		4590F9812A4E19ED009A7CA0 /* Assets.xcassets */ = {isa = PBXFileReference; lastKnownFileType = folder.assetcatalog; path = Assets.xcassets; sourceTree = "<group>"; };
		4590F9842A4E19ED009A7CA0 /* Base */ = {isa = PBXFileReference; lastKnownFileType = file.storyboard; name = Base; path = Base.lproj/LaunchScreen.storyboard; sourceTree = "<group>"; };
		4590F9862A4E19ED009A7CA0 /* Info.plist */ = {isa = PBXFileReference; lastKnownFileType = text.plist.xml; path = Info.plist; sourceTree = "<group>"; };
		4590F98E2A4E1A9C009A7CA0 /* LoginView.storyboard */ = {isa = PBXFileReference; lastKnownFileType = file.storyboard; path = LoginView.storyboard; sourceTree = "<group>"; };
		459F9DDE2A4F63DD00615766 /* UsuarioModel.swift */ = {isa = PBXFileReference; lastKnownFileType = sourcecode.swift; path = UsuarioModel.swift; sourceTree = "<group>"; };
		914AC965BE48C18ACEE46102 /* Pods_LoginTest.framework */ = {isa = PBXFileReference; explicitFileType = wrapper.framework; includeInIndex = 0; path = Pods_LoginTest.framework; sourceTree = BUILT_PRODUCTS_DIR; };
		E16F53610587ED3FAA9E2D96 /* Pods-LoginTest.release.xcconfig */ = {isa = PBXFileReference; includeInIndex = 1; lastKnownFileType = text.xcconfig; name = "Pods-LoginTest.release.xcconfig"; path = "Target Support Files/Pods-LoginTest/Pods-LoginTest.release.xcconfig"; sourceTree = "<group>"; };
		EF2F5ADD2A50AC8000FC6288 /* UserCardTableViewCell.swift */ = {isa = PBXFileReference; lastKnownFileType = sourcecode.swift; path = UserCardTableViewCell.swift; sourceTree = "<group>"; };
		EF2F5ADE2A50AC8000FC6288 /* UserCardTableViewCell.xib */ = {isa = PBXFileReference; lastKnownFileType = file.xib; path = UserCardTableViewCell.xib; sourceTree = "<group>"; };
		EF2F5AE12A50AE9A00FC6288 /* UsersTableView.storyboard */ = {isa = PBXFileReference; lastKnownFileType = file.storyboard; path = UsersTableView.storyboard; sourceTree = "<group>"; };
		EF2F5AE32A50AEB700FC6288 /* UsersTableViewController.swift */ = {isa = PBXFileReference; lastKnownFileType = sourcecode.swift; path = UsersTableViewController.swift; sourceTree = "<group>"; };
		EF4BC34D2A50A12D00057218 /* LoginViewController.swift */ = {isa = PBXFileReference; lastKnownFileType = sourcecode.swift; path = LoginViewController.swift; sourceTree = "<group>"; };
		EF62D8142A50960200109F40 /* LoginRouter.swift */ = {isa = PBXFileReference; lastKnownFileType = sourcecode.swift; path = LoginRouter.swift; sourceTree = "<group>"; };
		EF6BEABE2A50B006008DCFC9 /* UsersTableViewControllerDelegate.swift */ = {isa = PBXFileReference; lastKnownFileType = sourcecode.swift; path = UsersTableViewControllerDelegate.swift; sourceTree = "<group>"; };
		F4DA6BE23441AD0D25ADD06B /* Pods-LoginTest.debug.xcconfig */ = {isa = PBXFileReference; includeInIndex = 1; lastKnownFileType = text.xcconfig; name = "Pods-LoginTest.debug.xcconfig"; path = "Target Support Files/Pods-LoginTest/Pods-LoginTest.debug.xcconfig"; sourceTree = "<group>"; };
/* End PBXFileReference section */

/* Begin PBXFrameworksBuildPhase section */
		4590F9722A4E19EC009A7CA0 /* Frameworks */ = {
			isa = PBXFrameworksBuildPhase;
			buildActionMask = 2147483647;
			files = (
				4333BA976FE5BE398757604B /* Pods_LoginTest.framework in Frameworks */,
			);
			runOnlyForDeploymentPostprocessing = 0;
		};
/* End PBXFrameworksBuildPhase section */

/* Begin PBXGroup section */
		0FF4B3AB3657542F8F70C5B7 /* Frameworks */ = {
			isa = PBXGroup;
			children = (
				914AC965BE48C18ACEE46102 /* Pods_LoginTest.framework */,
			);
			name = Frameworks;
			sourceTree = "<group>";
		};
		1FBFC68C0AAC9935435B4BB9 /* Pods */ = {
			isa = PBXGroup;
			children = (
				F4DA6BE23441AD0D25ADD06B /* Pods-LoginTest.debug.xcconfig */,
				E16F53610587ED3FAA9E2D96 /* Pods-LoginTest.release.xcconfig */,
			);
			path = Pods;
			sourceTree = "<group>";
		};
		4590F96C2A4E19EC009A7CA0 = {
			isa = PBXGroup;
			children = (
				4590F9772A4E19EC009A7CA0 /* LoginTest */,
				4590F9762A4E19EC009A7CA0 /* Products */,
				1FBFC68C0AAC9935435B4BB9 /* Pods */,
				0FF4B3AB3657542F8F70C5B7 /* Frameworks */,
			);
			sourceTree = "<group>";
		};
		4590F9762A4E19EC009A7CA0 /* Products */ = {
			isa = PBXGroup;
			children = (
				4590F9752A4E19EC009A7CA0 /* LoginTest.app */,
			);
			name = Products;
			sourceTree = "<group>";
		};
		4590F9772A4E19EC009A7CA0 /* LoginTest */ = {
			isa = PBXGroup;
			children = (
				EF2F5AD92A50AC1F00FC6288 /* UsersView */,
				4590F98C2A4E1A79009A7CA0 /* Login */,
				4590F9782A4E19EC009A7CA0 /* AppDelegate.swift */,
				4590F97A2A4E19EC009A7CA0 /* SceneDelegate.swift */,
				4590F97C2A4E19EC009A7CA0 /* ViewController.swift */,
				4590F97E2A4E19EC009A7CA0 /* Main.storyboard */,
				4590F9812A4E19ED009A7CA0 /* Assets.xcassets */,
				4590F9832A4E19ED009A7CA0 /* LaunchScreen.storyboard */,
				4590F9862A4E19ED009A7CA0 /* Info.plist */,
			);
			path = LoginTest;
			sourceTree = "<group>";
		};
		4590F98C2A4E1A79009A7CA0 /* Login */ = {
			isa = PBXGroup;
			children = (
				EF4BC34C2A50A11A00057218 /* controller */,
				EF62D8132A5095F200109F40 /* router */,
				459F9DDD2A4F63CB00615766 /* Model */,
				4590F98E2A4E1A9C009A7CA0 /* LoginView.storyboard */,
			);
			path = Login;
			sourceTree = "<group>";
		};
		459F9DDD2A4F63CB00615766 /* Model */ = {
			isa = PBXGroup;
			children = (
				459F9DDE2A4F63DD00615766 /* UsuarioModel.swift */,
			);
			path = Model;
			sourceTree = "<group>";
		};
		EF2F5AD92A50AC1F00FC6288 /* UsersView */ = {
			isa = PBXGroup;
			children = (
				EF2F5ADA2A50AC3600FC6288 /* cards */,
				EF2F5AE12A50AE9A00FC6288 /* UsersTableView.storyboard */,
				EF2F5AE32A50AEB700FC6288 /* UsersTableViewController.swift */,
				EF6BEABE2A50B006008DCFC9 /* UsersTableViewControllerDelegate.swift */,
			);
			path = UsersView;
			sourceTree = "<group>";
		};
		EF2F5ADA2A50AC3600FC6288 /* cards */ = {
			isa = PBXGroup;
			children = (
				EF2F5ADD2A50AC8000FC6288 /* UserCardTableViewCell.swift */,
				EF2F5ADE2A50AC8000FC6288 /* UserCardTableViewCell.xib */,
			);
			path = cards;
			sourceTree = "<group>";
		};
		EF4BC34C2A50A11A00057218 /* controller */ = {
			isa = PBXGroup;
			children = (
				EF4BC34D2A50A12D00057218 /* LoginViewController.swift */,
				4555B3462A5115F500FCA67F /* LoginViewControllerDelegate.swift */,
			);
			path = controller;
			sourceTree = "<group>";
		};
		EF62D8132A5095F200109F40 /* router */ = {
			isa = PBXGroup;
			children = (
				EF62D8142A50960200109F40 /* LoginRouter.swift */,
			);
			path = router;
			sourceTree = "<group>";
		};
/* End PBXGroup section */

/* Begin PBXNativeTarget section */
		4590F9742A4E19EC009A7CA0 /* LoginTest */ = {
			isa = PBXNativeTarget;
			buildConfigurationList = 4590F9892A4E19ED009A7CA0 /* Build configuration list for PBXNativeTarget "LoginTest" */;
			buildPhases = (
				220162CB76967638B01020DF /* [CP] Check Pods Manifest.lock */,
				4590F9712A4E19EC009A7CA0 /* Sources */,
				4590F9722A4E19EC009A7CA0 /* Frameworks */,
				4590F9732A4E19EC009A7CA0 /* Resources */,
				7450B527B60470203F7DE5D8 /* [CP] Embed Pods Frameworks */,
			);
			buildRules = (
			);
			dependencies = (
			);
			name = LoginTest;
			productName = LoginTest;
			productReference = 4590F9752A4E19EC009A7CA0 /* LoginTest.app */;
			productType = "com.apple.product-type.application";
		};
/* End PBXNativeTarget section */

/* Begin PBXProject section */
		4590F96D2A4E19EC009A7CA0 /* Project object */ = {
			isa = PBXProject;
			attributes = {
				BuildIndependentTargetsInParallel = 1;
				LastSwiftUpdateCheck = 1430;
				LastUpgradeCheck = 1430;
				TargetAttributes = {
					4590F9742A4E19EC009A7CA0 = {
						CreatedOnToolsVersion = 14.3.1;
					};
				};
			};
			buildConfigurationList = 4590F9702A4E19EC009A7CA0 /* Build configuration list for PBXProject "LoginTest" */;
			compatibilityVersion = "Xcode 14.0";
			developmentRegion = en;
			hasScannedForEncodings = 0;
			knownRegions = (
				en,
				Base,
			);
			mainGroup = 4590F96C2A4E19EC009A7CA0;
			productRefGroup = 4590F9762A4E19EC009A7CA0 /* Products */;
			projectDirPath = "";
			projectRoot = "";
			targets = (
				4590F9742A4E19EC009A7CA0 /* LoginTest */,
			);
		};
/* End PBXProject section */

/* Begin PBXResourcesBuildPhase section */
		4590F9732A4E19EC009A7CA0 /* Resources */ = {
			isa = PBXResourcesBuildPhase;
			buildActionMask = 2147483647;
			files = (
				4590F9852A4E19ED009A7CA0 /* LaunchScreen.storyboard in Resources */,
				EF2F5AE02A50AC8000FC6288 /* UserCardTableViewCell.xib in Resources */,
				4590F9822A4E19ED009A7CA0 /* Assets.xcassets in Resources */,
				EF2F5AE22A50AE9A00FC6288 /* UsersTableView.storyboard in Resources */,
				4590F9802A4E19EC009A7CA0 /* Main.storyboard in Resources */,
				4590F98F2A4E1A9C009A7CA0 /* LoginView.storyboard in Resources */,
			);
			runOnlyForDeploymentPostprocessing = 0;
		};
/* End PBXResourcesBuildPhase section */

/* Begin PBXShellScriptBuildPhase section */
		220162CB76967638B01020DF /* [CP] Check Pods Manifest.lock */ = {
			isa = PBXShellScriptBuildPhase;
			buildActionMask = 2147483647;
			files = (
			);
			inputFileListPaths = (
			);
			inputPaths = (
				"${PODS_PODFILE_DIR_PATH}/Podfile.lock",
				"${PODS_ROOT}/Manifest.lock",
			);
			name = "[CP] Check Pods Manifest.lock";
			outputFileListPaths = (
			);
			outputPaths = (
				"$(DERIVED_FILE_DIR)/Pods-LoginTest-checkManifestLockResult.txt",
			);
			runOnlyForDeploymentPostprocessing = 0;
			shellPath = /bin/sh;
			shellScript = "diff \"${PODS_PODFILE_DIR_PATH}/Podfile.lock\" \"${PODS_ROOT}/Manifest.lock\" > /dev/null\nif [ $? != 0 ] ; then\n    # print error to STDERR\n    echo \"error: The sandbox is not in sync with the Podfile.lock. Run 'pod install' or update your CocoaPods installation.\" >&2\n    exit 1\nfi\n# This output is used by Xcode 'outputs' to avoid re-running this script phase.\necho \"SUCCESS\" > \"${SCRIPT_OUTPUT_FILE_0}\"\n";
			showEnvVarsInLog = 0;
		};
		7450B527B60470203F7DE5D8 /* [CP] Embed Pods Frameworks */ = {
			isa = PBXShellScriptBuildPhase;
			buildActionMask = 2147483647;
			files = (
			);
			inputFileListPaths = (
				"${PODS_ROOT}/Target Support Files/Pods-LoginTest/Pods-LoginTest-frameworks-${CONFIGURATION}-input-files.xcfilelist",
			);
			name = "[CP] Embed Pods Frameworks";
			outputFileListPaths = (
				"${PODS_ROOT}/Target Support Files/Pods-LoginTest/Pods-LoginTest-frameworks-${CONFIGURATION}-output-files.xcfilelist",
			);
			runOnlyForDeploymentPostprocessing = 0;
			shellPath = /bin/sh;
			shellScript = "\"${PODS_ROOT}/Target Support Files/Pods-LoginTest/Pods-LoginTest-frameworks.sh\"\n";
			showEnvVarsInLog = 0;
		};
/* End PBXShellScriptBuildPhase section */

/* Begin PBXSourcesBuildPhase section */
		4590F9712A4E19EC009A7CA0 /* Sources */ = {
			isa = PBXSourcesBuildPhase;
			buildActionMask = 2147483647;
			files = (
				EF6BEABF2A50B006008DCFC9 /* UsersTableViewControllerDelegate.swift in Sources */,
				4555B3472A5115F500FCA67F /* LoginViewControllerDelegate.swift in Sources */,
				EF4BC34E2A50A12D00057218 /* LoginViewController.swift in Sources */,
				4590F97D2A4E19EC009A7CA0 /* ViewController.swift in Sources */,
				EF2F5AE42A50AEB700FC6288 /* UsersTableViewController.swift in Sources */,
				4590F9792A4E19EC009A7CA0 /* AppDelegate.swift in Sources */,
				EF62D8152A50960200109F40 /* LoginRouter.swift in Sources */,
				459F9DDF2A4F63DD00615766 /* UsuarioModel.swift in Sources */,
				EF2F5ADF2A50AC8000FC6288 /* UserCardTableViewCell.swift in Sources */,
				4590F97B2A4E19EC009A7CA0 /* SceneDelegate.swift in Sources */,
			);
			runOnlyForDeploymentPostprocessing = 0;
		};
/* End PBXSourcesBuildPhase section */

/* Begin PBXVariantGroup section */
		4590F97E2A4E19EC009A7CA0 /* Main.storyboard */ = {
			isa = PBXVariantGroup;
			children = (
				4590F97F2A4E19EC009A7CA0 /* Base */,
			);
			name = Main.storyboard;
			sourceTree = "<group>";
		};
		4590F9832A4E19ED009A7CA0 /* LaunchScreen.storyboard */ = {
			isa = PBXVariantGroup;
			children = (
				4590F9842A4E19ED009A7CA0 /* Base */,
			);
			name = LaunchScreen.storyboard;
			sourceTree = "<group>";
		};
/* End PBXVariantGroup section */

/* Begin XCBuildConfiguration section */
		4590F9872A4E19ED009A7CA0 /* Debug */ = {
			isa = XCBuildConfiguration;
			buildSettings = {
				ALWAYS_SEARCH_USER_PATHS = NO;
				CLANG_ANALYZER_NONNULL = YES;
				CLANG_ANALYZER_NUMBER_OBJECT_CONVERSION = YES_AGGRESSIVE;
				CLANG_CXX_LANGUAGE_STANDARD = "gnu++20";
				CLANG_ENABLE_MODULES = YES;
				CLANG_ENABLE_OBJC_ARC = YES;
				CLANG_ENABLE_OBJC_WEAK = YES;
				CLANG_WARN_BLOCK_CAPTURE_AUTORELEASING = YES;
				CLANG_WARN_BOOL_CONVERSION = YES;
				CLANG_WARN_COMMA = YES;
				CLANG_WARN_CONSTANT_CONVERSION = YES;
				CLANG_WARN_DEPRECATED_OBJC_IMPLEMENTATIONS = YES;
				CLANG_WARN_DIRECT_OBJC_ISA_USAGE = YES_ERROR;
				CLANG_WARN_DOCUMENTATION_COMMENTS = YES;
				CLANG_WARN_EMPTY_BODY = YES;
				CLANG_WARN_ENUM_CONVERSION = YES;
				CLANG_WARN_INFINITE_RECURSION = YES;
				CLANG_WARN_INT_CONVERSION = YES;
				CLANG_WARN_NON_LITERAL_NULL_CONVERSION = YES;
				CLANG_WARN_OBJC_IMPLICIT_RETAIN_SELF = YES;
				CLANG_WARN_OBJC_LITERAL_CONVERSION = YES;
				CLANG_WARN_OBJC_ROOT_CLASS = YES_ERROR;
				CLANG_WARN_QUOTED_INCLUDE_IN_FRAMEWORK_HEADER = YES;
				CLANG_WARN_RANGE_LOOP_ANALYSIS = YES;
				CLANG_WARN_STRICT_PROTOTYPES = YES;
				CLANG_WARN_SUSPICIOUS_MOVE = YES;
				CLANG_WARN_UNGUARDED_AVAILABILITY = YES_AGGRESSIVE;
				CLANG_WARN_UNREACHABLE_CODE = YES;
				CLANG_WARN__DUPLICATE_METHOD_MATCH = YES;
				COPY_PHASE_STRIP = NO;
				DEBUG_INFORMATION_FORMAT = dwarf;
				ENABLE_STRICT_OBJC_MSGSEND = YES;
				ENABLE_TESTABILITY = YES;
				GCC_C_LANGUAGE_STANDARD = gnu11;
				GCC_DYNAMIC_NO_PIC = NO;
				GCC_NO_COMMON_BLOCKS = YES;
				GCC_OPTIMIZATION_LEVEL = 0;
				GCC_PREPROCESSOR_DEFINITIONS = (
					"DEBUG=1",
					"$(inherited)",
				);
				GCC_WARN_64_TO_32_BIT_CONVERSION = YES;
				GCC_WARN_ABOUT_RETURN_TYPE = YES_ERROR;
				GCC_WARN_UNDECLARED_SELECTOR = YES;
				GCC_WARN_UNINITIALIZED_AUTOS = YES_AGGRESSIVE;
				GCC_WARN_UNUSED_FUNCTION = YES;
				GCC_WARN_UNUSED_VARIABLE = YES;
				IPHONEOS_DEPLOYMENT_TARGET = 16.4;
				MTL_ENABLE_DEBUG_INFO = INCLUDE_SOURCE;
				MTL_FAST_MATH = YES;
				ONLY_ACTIVE_ARCH = YES;
				SDKROOT = iphoneos;
				SWIFT_ACTIVE_COMPILATION_CONDITIONS = DEBUG;
				SWIFT_OPTIMIZATION_LEVEL = "-Onone";
			};
			name = Debug;
		};
		4590F9882A4E19ED009A7CA0 /* Release */ = {
			isa = XCBuildConfiguration;
			buildSettings = {
				ALWAYS_SEARCH_USER_PATHS = NO;
				CLANG_ANALYZER_NONNULL = YES;
				CLANG_ANALYZER_NUMBER_OBJECT_CONVERSION = YES_AGGRESSIVE;
				CLANG_CXX_LANGUAGE_STANDARD = "gnu++20";
				CLANG_ENABLE_MODULES = YES;
				CLANG_ENABLE_OBJC_ARC = YES;
				CLANG_ENABLE_OBJC_WEAK = YES;
				CLANG_WARN_BLOCK_CAPTURE_AUTORELEASING = YES;
				CLANG_WARN_BOOL_CONVERSION = YES;
				CLANG_WARN_COMMA = YES;
				CLANG_WARN_CONSTANT_CONVERSION = YES;
				CLANG_WARN_DEPRECATED_OBJC_IMPLEMENTATIONS = YES;
				CLANG_WARN_DIRECT_OBJC_ISA_USAGE = YES_ERROR;
				CLANG_WARN_DOCUMENTATION_COMMENTS = YES;
				CLANG_WARN_EMPTY_BODY = YES;
				CLANG_WARN_ENUM_CONVERSION = YES;
				CLANG_WARN_INFINITE_RECURSION = YES;
				CLANG_WARN_INT_CONVERSION = YES;
				CLANG_WARN_NON_LITERAL_NULL_CONVERSION = YES;
				CLANG_WARN_OBJC_IMPLICIT_RETAIN_SELF = YES;
				CLANG_WARN_OBJC_LITERAL_CONVERSION = YES;
				CLANG_WARN_OBJC_ROOT_CLASS = YES_ERROR;
				CLANG_WARN_QUOTED_INCLUDE_IN_FRAMEWORK_HEADER = YES;
				CLANG_WARN_RANGE_LOOP_ANALYSIS = YES;
				CLANG_WARN_STRICT_PROTOTYPES = YES;
				CLANG_WARN_SUSPICIOUS_MOVE = YES;
				CLANG_WARN_UNGUARDED_AVAILABILITY = YES_AGGRESSIVE;
				CLANG_WARN_UNREACHABLE_CODE = YES;
				CLANG_WARN__DUPLICATE_METHOD_MATCH = YES;
				COPY_PHASE_STRIP = NO;
				DEBUG_INFORMATION_FORMAT = "dwarf-with-dsym";
				ENABLE_NS_ASSERTIONS = NO;
				ENABLE_STRICT_OBJC_MSGSEND = YES;
				GCC_C_LANGUAGE_STANDARD = gnu11;
				GCC_NO_COMMON_BLOCKS = YES;
				GCC_WARN_64_TO_32_BIT_CONVERSION = YES;
				GCC_WARN_ABOUT_RETURN_TYPE = YES_ERROR;
				GCC_WARN_UNDECLARED_SELECTOR = YES;
				GCC_WARN_UNINITIALIZED_AUTOS = YES_AGGRESSIVE;
				GCC_WARN_UNUSED_FUNCTION = YES;
				GCC_WARN_UNUSED_VARIABLE = YES;
				IPHONEOS_DEPLOYMENT_TARGET = 16.4;
				MTL_ENABLE_DEBUG_INFO = NO;
				MTL_FAST_MATH = YES;
				SDKROOT = iphoneos;
				SWIFT_COMPILATION_MODE = wholemodule;
				SWIFT_OPTIMIZATION_LEVEL = "-O";
				VALIDATE_PRODUCT = YES;
			};
			name = Release;
		};
		4590F98A2A4E19ED009A7CA0 /* Debug */ = {
			isa = XCBuildConfiguration;
			baseConfigurationReference = F4DA6BE23441AD0D25ADD06B /* Pods-LoginTest.debug.xcconfig */;
			buildSettings = {
				ASSETCATALOG_COMPILER_APPICON_NAME = AppIcon;
				ASSETCATALOG_COMPILER_GLOBAL_ACCENT_COLOR_NAME = AccentColor;
				CODE_SIGN_STYLE = Automatic;
				CURRENT_PROJECT_VERSION = 1;
				DEVELOPMENT_TEAM = 5ZCG6L5SS9;
				GENERATE_INFOPLIST_FILE = YES;
				INFOPLIST_FILE = LoginTest/Info.plist;
				INFOPLIST_KEY_UIApplicationSupportsIndirectInputEvents = YES;
				INFOPLIST_KEY_UILaunchStoryboardName = LaunchScreen;
				INFOPLIST_KEY_UIMainStoryboardFile = Main;
				INFOPLIST_KEY_UISupportedInterfaceOrientations_iPad = "UIInterfaceOrientationPortrait UIInterfaceOrientationPortraitUpsideDown UIInterfaceOrientationLandscapeLeft UIInterfaceOrientationLandscapeRight";
				INFOPLIST_KEY_UISupportedInterfaceOrientations_iPhone = "UIInterfaceOrientationPortrait UIInterfaceOrientationLandscapeLeft UIInterfaceOrientationLandscapeRight";
				IPHONEOS_DEPLOYMENT_TARGET = 13.5;
				LD_RUNPATH_SEARCH_PATHS = (
					"$(inherited)",
					"@executable_path/Frameworks",
				);
				MARKETING_VERSION = 1.0;
				PRODUCT_BUNDLE_IDENTIFIER = AEstevez.LoginTest;
				PRODUCT_NAME = "$(TARGET_NAME)";
				SWIFT_EMIT_LOC_STRINGS = YES;
				SWIFT_VERSION = 5.0;
				TARGETED_DEVICE_FAMILY = "1,2";
			};
			name = Debug;
		};
		4590F98B2A4E19ED009A7CA0 /* Release */ = {
			isa = XCBuildConfiguration;
			baseConfigurationReference = E16F53610587ED3FAA9E2D96 /* Pods-LoginTest.release.xcconfig */;
			buildSettings = {
				ASSETCATALOG_COMPILER_APPICON_NAME = AppIcon;
				ASSETCATALOG_COMPILER_GLOBAL_ACCENT_COLOR_NAME = AccentColor;
				CODE_SIGN_STYLE = Automatic;
				CURRENT_PROJECT_VERSION = 1;
				DEVELOPMENT_TEAM = 5ZCG6L5SS9;
				GENERATE_INFOPLIST_FILE = YES;
				INFOPLIST_FILE = LoginTest/Info.plist;
				INFOPLIST_KEY_UIApplicationSupportsIndirectInputEvents = YES;
				INFOPLIST_KEY_UILaunchStoryboardName = LaunchScreen;
				INFOPLIST_KEY_UIMainStoryboardFile = Main;
				INFOPLIST_KEY_UISupportedInterfaceOrientations_iPad = "UIInterfaceOrientationPortrait UIInterfaceOrientationPortraitUpsideDown UIInterfaceOrientationLandscapeLeft UIInterfaceOrientationLandscapeRight";
				INFOPLIST_KEY_UISupportedInterfaceOrientations_iPhone = "UIInterfaceOrientationPortrait UIInterfaceOrientationLandscapeLeft UIInterfaceOrientationLandscapeRight";
				IPHONEOS_DEPLOYMENT_TARGET = 13.5;
				LD_RUNPATH_SEARCH_PATHS = (
					"$(inherited)",
					"@executable_path/Frameworks",
				);
				MARKETING_VERSION = 1.0;
				PRODUCT_BUNDLE_IDENTIFIER = AEstevez.LoginTest;
				PRODUCT_NAME = "$(TARGET_NAME)";
				SWIFT_EMIT_LOC_STRINGS = YES;
				SWIFT_VERSION = 5.0;
				TARGETED_DEVICE_FAMILY = "1,2";
			};
			name = Release;
		};
/* End XCBuildConfiguration section */

/* Begin XCConfigurationList section */
		4590F9702A4E19EC009A7CA0 /* Build configuration list for PBXProject "LoginTest" */ = {
			isa = XCConfigurationList;
			buildConfigurations = (
				4590F9872A4E19ED009A7CA0 /* Debug */,
				4590F9882A4E19ED009A7CA0 /* Release */,
			);
			defaultConfigurationIsVisible = 0;
			defaultConfigurationName = Release;
		};
		4590F9892A4E19ED009A7CA0 /* Build configuration list for PBXNativeTarget "LoginTest" */ = {
			isa = XCConfigurationList;
			buildConfigurations = (
				4590F98A2A4E19ED009A7CA0 /* Debug */,
				4590F98B2A4E19ED009A7CA0 /* Release */,
			);
			defaultConfigurationIsVisible = 0;
			defaultConfigurationName = Release;
		};
/* End XCConfigurationList section */
	};
	rootObject = 4590F96D2A4E19EC009A7CA0 /* Project object */;
}
